
Microsoft Visual Studio Solution File, Format Version 12.00
# Visual Studio Version 17
VisualStudioVersion = 17.8.34309.116
MinimumVisualStudioVersion = 10.0.40219.1
Project("{9A19103F-16F7-4668-BE54-9A1E7A4F7556}") = "DocxStorageEmailer", "DocxStorageEmailer\DocxStorageEmailer.csproj", "{40F87034-E826-4DDB-844C-B6743C390B29}"
EndProject
Project("{FAE04EC0-301F-11D3-BF4B-00C04F79EFBC}") = "DocxStorageEmailer.Tests", "DocxStorageEmailer.Tests\DocxStorageEmailer.Tests.csproj", "{ABF7DCB8-802E-4C19-8F31-E65BD5EF51BF}"
EndProject
Global
	GlobalSection(SolutionConfigurationPlatforms) = preSolution
		Debug|Any CPU = Debug|Any CPU
		Release|Any CPU = Release|Any CPU
	EndGlobalSection
	GlobalSection(ProjectConfigurationPlatforms) = postSolution
		{40F87034-E826-4DDB-844C-B6743C390B29}.Debug|Any CPU.ActiveCfg = Debug|Any CPU
		{40F87034-E826-4DDB-844C-B6743C390B29}.Debug|Any CPU.Build.0 = Debug|Any CPU
		{40F87034-E826-4DDB-844C-B6743C390B29}.Release|Any CPU.ActiveCfg = Release|Any CPU
		{40F87034-E826-4DDB-844C-B6743C390B29}.Release|Any CPU.Build.0 = Release|Any CPU
		{ABF7DCB8-802E-4C19-8F31-E65BD5EF51BF}.Debug|Any CPU.ActiveCfg = Debug|Any CPU
		{ABF7DCB8-802E-4C19-8F31-E65BD5EF51BF}.Debug|Any CPU.Build.0 = Debug|Any CPU
		{ABF7DCB8-802E-4C19-8F31-E65BD5EF51BF}.Release|Any CPU.ActiveCfg = Release|Any CPU
		{ABF7DCB8-802E-4C19-8F31-E65BD5EF51BF}.Release|Any CPU.Build.0 = Release|Any CPU
	EndGlobalSection
	GlobalSection(SolutionProperties) = preSolution
		HideSolutionNode = FALSE
	EndGlobalSection
	GlobalSection(ExtensibilityGlobals) = postSolution
		SolutionGuid = {24715BFA-3B1E-4807-A98D-3491CFDD6CAD}
	EndGlobalSection
EndGlobal
