
Microsoft Visual Studio Solution File, Format Version 12.00
# Visual Studio Version 17
VisualStudioVersion = 17.5.002.0
MinimumVisualStudioVersion = 10.0.40219.1
Project("{9A19103F-16F7-4668-BE54-9A1E7A4F7556}") = "DocxStorageEmailer", "DocxStorageEmailer.csproj", "{A86F3464-5716-4503-B6F2-876EFA90CCAA}"
EndProject
Global
	GlobalSection(SolutionConfigurationPlatforms) = preSolution
		Debug|Any CPU = Debug|Any CPU
		Release|Any CPU = Release|Any CPU
	EndGlobalSection
	GlobalSection(ProjectConfigurationPlatforms) = postSolution
		{A86F3464-5716-4503-B6F2-876EFA90CCAA}.Debug|Any CPU.ActiveCfg = Debug|Any CPU
		{A86F3464-5716-4503-B6F2-876EFA90CCAA}.Debug|Any CPU.Build.0 = Debug|Any CPU
		{A86F3464-5716-4503-B6F2-876EFA90CCAA}.Release|Any CPU.ActiveCfg = Release|Any CPU
		{A86F3464-5716-4503-B6F2-876EFA90CCAA}.Release|Any CPU.Build.0 = Release|Any CPU
	EndGlobalSection
	GlobalSection(SolutionProperties) = preSolution
		HideSolutionNode = FALSE
	EndGlobalSection
	GlobalSection(ExtensibilityGlobals) = postSolution
		SolutionGuid = {BA8E5567-08BB-4B65-80F3-BF0D57D3A112}
	EndGlobalSection
EndGlobal
